
Microsoft Visual Studio Solution File, Format Version 12.00
# Visual Studio Version 17
VisualStudioVersion = 17.3.32901.215
MinimumVisualStudioVersion = 10.0.40219.1
Project("{F184B08F-C81C-45F6-A57F-5ABD9991F28F}") = "TrafficLights", "TrafficLights\TrafficLights.vbproj", "{029DCC19-0721-4A7B-9841-F819F3033CC5}"
EndProject
Global
	GlobalSection(SolutionConfigurationPlatforms) = preSolution
		Debug|Any CPU = Debug|Any CPU
		Release|Any CPU = Release|Any CPU
	EndGlobalSection
	GlobalSection(ProjectConfigurationPlatforms) = postSolution
		{029DCC19-0721-4A7B-9841-F819F3033CC5}.Debug|Any CPU.ActiveCfg = Debug|Any CPU
		{029DCC19-0721-4A7B-9841-F819F3033CC5}.Debug|Any CPU.Build.0 = Debug|Any CPU
		{029DCC19-0721-4A7B-9841-F819F3033CC5}.Release|Any CPU.ActiveCfg = Release|Any CPU
		{029DCC19-0721-4A7B-9841-F819F3033CC5}.Release|Any CPU.Build.0 = Release|Any CPU
	EndGlobalSection
	GlobalSection(SolutionProperties) = preSolution
		HideSolutionNode = FALSE
	EndGlobalSection
	GlobalSection(ExtensibilityGlobals) = postSolution
		SolutionGuid = {55ABCB85-7254-4629-AAC1-3CB81E126004}
	EndGlobalSection
EndGlobal
